// !$*UTF8*$!
{
	archiveVersion = 1;
	classes = {
	};
	objectVersion = 50;
	objects = {

/* Begin PBXBuildFile section */
		849CB9A023C85D650072D9D9 /* AppDelegate.swift in Sources */ = {isa = PBXBuildFile; fileRef = 849CB99F23C85D650072D9D9 /* AppDelegate.swift */; };
		849CB9A223C85D650072D9D9 /* SceneDelegate.swift in Sources */ = {isa = PBXBuildFile; fileRef = 849CB9A123C85D650072D9D9 /* SceneDelegate.swift */; };
		849CB9A423C85D650072D9D9 /* ContentView.swift in Sources */ = {isa = PBXBuildFile; fileRef = 849CB9A323C85D650072D9D9 /* ContentView.swift */; };
		849CB9A623C85D680072D9D9 /* Assets.xcassets in Resources */ = {isa = PBXBuildFile; fileRef = 849CB9A523C85D680072D9D9 /* Assets.xcassets */; };
		849CB9A923C85D680072D9D9 /* Preview Assets.xcassets in Resources */ = {isa = PBXBuildFile; fileRef = 849CB9A823C85D680072D9D9 /* Preview Assets.xcassets */; };
		849CB9AC23C85D680072D9D9 /* LaunchScreen.storyboard in Resources */ = {isa = PBXBuildFile; fileRef = 849CB9AA23C85D680072D9D9 /* LaunchScreen.storyboard */; };
		849CB9B723C85D680072D9D9 /* pracswiftTests.swift in Sources */ = {isa = PBXBuildFile; fileRef = 849CB9B623C85D680072D9D9 /* pracswiftTests.swift */; };
		849CB9C223C85D680072D9D9 /* pracswiftUITests.swift in Sources */ = {isa = PBXBuildFile; fileRef = 849CB9C123C85D680072D9D9 /* pracswiftUITests.swift */; };
/* End PBXBuildFile section */

/* Begin PBXContainerItemProxy section */
		849CB9B323C85D680072D9D9 /* PBXContainerItemProxy */ = {
			isa = PBXContainerItemProxy;
			containerPortal = 849CB99423C85D650072D9D9 /* Project object */;
			proxyType = 1;
			remoteGlobalIDString = 849CB99B23C85D650072D9D9;
			remoteInfo = pracswift;
		};
		849CB9BE23C85D680072D9D9 /* PBXContainerItemProxy */ = {
			isa = PBXContainerItemProxy;
			containerPortal = 849CB99423C85D650072D9D9 /* Project object */;
			proxyType = 1;
			remoteGlobalIDString = 849CB99B23C85D650072D9D9;
			remoteInfo = pracswift;
		};
/* End PBXContainerItemProxy section */

/* Begin PBXFileReference section */
		849CB99C23C85D650072D9D9 /* pracswift.app */ = {isa = PBXFileReference; explicitFileType = wrapper.application; includeInIndex = 0; path = pracswift.app; sourceTree = BUILT_PRODUCTS_DIR; };
		849CB99F23C85D650072D9D9 /* AppDelegate.swift */ = {isa = PBXFileReference; lastKnownFileType = sourcecode.swift; path = AppDelegate.swift; sourceTree = "<group>"; };
		849CB9A123C85D650072D9D9 /* SceneDelegate.swift */ = {isa = PBXFileReference; lastKnownFileType = sourcecode.swift; path = SceneDelegate.swift; sourceTree = "<group>"; };
		849CB9A323C85D650072D9D9 /* ContentView.swift */ = {isa = PBXFileReference; lastKnownFileType = sourcecode.swift; path = ContentView.swift; sourceTree = "<group>"; };
		849CB9A523C85D680072D9D9 /* Assets.xcassets */ = {isa = PBXFileReference; lastKnownFileType = folder.assetcatalog; path = Assets.xcassets; sourceTree = "<group>"; };
		849CB9A823C85D680072D9D9 /* Preview Assets.xcassets */ = {isa = PBXFileReference; lastKnownFileType = folder.assetcatalog; path = "Preview Assets.xcassets"; sourceTree = "<group>"; };
		849CB9AB23C85D680072D9D9 /* Base */ = {isa = PBXFileReference; lastKnownFileType = file.storyboard; name = Base; path = Base.lproj/LaunchScreen.storyboard; sourceTree = "<group>"; };
		849CB9AD23C85D680072D9D9 /* Info.plist */ = {isa = PBXFileReference; lastKnownFileType = text.plist.xml; path = Info.plist; sourceTree = "<group>"; };
		849CB9B223C85D680072D9D9 /* pracswiftTests.xctest */ = {isa = PBXFileReference; explicitFileType = wrapper.cfbundle; includeInIndex = 0; path = pracswiftTests.xctest; sourceTree = BUILT_PRODUCTS_DIR; };
		849CB9B623C85D680072D9D9 /* pracswiftTests.swift */ = {isa = PBXFileReference; lastKnownFileType = sourcecode.swift; path = pracswiftTests.swift; sourceTree = "<group>"; };
		849CB9B823C85D680072D9D9 /* Info.plist */ = {isa = PBXFileReference; lastKnownFileType = text.plist.xml; path = Info.plist; sourceTree = "<group>"; };
		849CB9BD23C85D680072D9D9 /* pracswiftUITests.xctest */ = {isa = PBXFileReference; explicitFileType = wrapper.cfbundle; includeInIndex = 0; path = pracswiftUITests.xctest; sourceTree = BUILT_PRODUCTS_DIR; };
		849CB9C123C85D680072D9D9 /* pracswiftUITests.swift */ = {isa = PBXFileReference; lastKnownFileType = sourcecode.swift; path = pracswiftUITests.swift; sourceTree = "<group>"; };
		849CB9C323C85D680072D9D9 /* Info.plist */ = {isa = PBXFileReference; lastKnownFileType = text.plist.xml; path = Info.plist; sourceTree = "<group>"; };
/* End PBXFileReference section */

/* Begin PBXFrameworksBuildPhase section */
		849CB99923C85D650072D9D9 /* Frameworks */ = {
			isa = PBXFrameworksBuildPhase;
			buildActionMask = 2147483647;
			files = (
			);
			runOnlyForDeploymentPostprocessing = 0;
		};
		849CB9AF23C85D680072D9D9 /* Frameworks */ = {
			isa = PBXFrameworksBuildPhase;
			buildActionMask = 2147483647;
			files = (
			);
			runOnlyForDeploymentPostprocessing = 0;
		};
		849CB9BA23C85D680072D9D9 /* Frameworks */ = {
			isa = PBXFrameworksBuildPhase;
			buildActionMask = 2147483647;
			files = (
			);
			runOnlyForDeploymentPostprocessing = 0;
		};
/* End PBXFrameworksBuildPhase section */

/* Begin PBXGroup section */
		849CB99323C85D650072D9D9 = {
			isa = PBXGroup;
			children = (
				849CB99E23C85D650072D9D9 /* pracswift */,
				849CB9B523C85D680072D9D9 /* pracswiftTests */,
				849CB9C023C85D680072D9D9 /* pracswiftUITests */,
				849CB99D23C85D650072D9D9 /* Products */,
			);
			sourceTree = "<group>";
		};
		849CB99D23C85D650072D9D9 /* Products */ = {
			isa = PBXGroup;
			children = (
				849CB99C23C85D650072D9D9 /* pracswift.app */,
				849CB9B223C85D680072D9D9 /* pracswiftTests.xctest */,
				849CB9BD23C85D680072D9D9 /* pracswiftUITests.xctest */,
			);
			name = Products;
			sourceTree = "<group>";
		};
		849CB99E23C85D650072D9D9 /* pracswift */ = {
			isa = PBXGroup;
			children = (
				849CB99F23C85D650072D9D9 /* AppDelegate.swift */,
				849CB9A123C85D650072D9D9 /* SceneDelegate.swift */,
				849CB9A323C85D650072D9D9 /* ContentView.swift */,
				849CB9A523C85D680072D9D9 /* Assets.xcassets */,
				849CB9AA23C85D680072D9D9 /* LaunchScreen.storyboard */,
				849CB9AD23C85D680072D9D9 /* Info.plist */,
				849CB9A723C85D680072D9D9 /* Preview Content */,
			);
			path = pracswift;
			sourceTree = "<group>";
		};
		849CB9A723C85D680072D9D9 /* Preview Content */ = {
			isa = PBXGroup;
			children = (
				849CB9A823C85D680072D9D9 /* Preview Assets.xcassets */,
			);
			path = "Preview Content";
			sourceTree = "<group>";
		};
		849CB9B523C85D680072D9D9 /* pracswiftTests */ = {
			isa = PBXGroup;
			children = (
				849CB9B623C85D680072D9D9 /* pracswiftTests.swift */,
				849CB9B823C85D680072D9D9 /* Info.plist */,
			);
			path = pracswiftTests;
			sourceTree = "<group>";
		};
		849CB9C023C85D680072D9D9 /* pracswiftUITests */ = {
			isa = PBXGroup;
			children = (
				849CB9C123C85D680072D9D9 /* pracswiftUITests.swift */,
				849CB9C323C85D680072D9D9 /* Info.plist */,
			);
			path = pracswiftUITests;
			sourceTree = "<group>";
		};
/* End PBXGroup section */

/* Begin PBXNativeTarget section */
		849CB99B23C85D650072D9D9 /* pracswift */ = {
			isa = PBXNativeTarget;
			buildConfigurationList = 849CB9C623C85D680072D9D9 /* Build configuration list for PBXNativeTarget "pracswift" */;
			buildPhases = (
				849CB99823C85D650072D9D9 /* Sources */,
				849CB99923C85D650072D9D9 /* Frameworks */,
				849CB99A23C85D650072D9D9 /* Resources */,
			);
			buildRules = (
			);
			dependencies = (
			);
			name = pracswift;
			productName = pracswift;
			productReference = 849CB99C23C85D650072D9D9 /* pracswift.app */;
			productType = "com.apple.product-type.application";
		};
		849CB9B123C85D680072D9D9 /* pracswiftTests */ = {
			isa = PBXNativeTarget;
			buildConfigurationList = 849CB9C923C85D680072D9D9 /* Build configuration list for PBXNativeTarget "pracswiftTests" */;
			buildPhases = (
				849CB9AE23C85D680072D9D9 /* Sources */,
				849CB9AF23C85D680072D9D9 /* Frameworks */,
				849CB9B023C85D680072D9D9 /* Resources */,
			);
			buildRules = (
			);
			dependencies = (
				849CB9B423C85D680072D9D9 /* PBXTargetDependency */,
			);
			name = pracswiftTests;
			productName = pracswiftTests;
			productReference = 849CB9B223C85D680072D9D9 /* pracswiftTests.xctest */;
			productType = "com.apple.product-type.bundle.unit-test";
		};
		849CB9BC23C85D680072D9D9 /* pracswiftUITests */ = {
			isa = PBXNativeTarget;
			buildConfigurationList = 849CB9CC23C85D680072D9D9 /* Build configuration list for PBXNativeTarget "pracswiftUITests" */;
			buildPhases = (
				849CB9B923C85D680072D9D9 /* Sources */,
				849CB9BA23C85D680072D9D9 /* Frameworks */,
				849CB9BB23C85D680072D9D9 /* Resources */,
			);
			buildRules = (
			);
			dependencies = (
				849CB9BF23C85D680072D9D9 /* PBXTargetDependency */,
			);
			name = pracswiftUITests;
			productName = pracswiftUITests;
			productReference = 849CB9BD23C85D680072D9D9 /* pracswiftUITests.xctest */;
			productType = "com.apple.product-type.bundle.ui-testing";
		};
/* End PBXNativeTarget section */

/* Begin PBXProject section */
		849CB99423C85D650072D9D9 /* Project object */ = {
			isa = PBXProject;
			attributes = {
				LastSwiftUpdateCheck = 1110;
				LastUpgradeCheck = 1110;
				ORGANIZATIONNAME = "山平潤";
				TargetAttributes = {
					849CB99B23C85D650072D9D9 = {
						CreatedOnToolsVersion = 11.1;
					};
					849CB9B123C85D680072D9D9 = {
						CreatedOnToolsVersion = 11.1;
						TestTargetID = 849CB99B23C85D650072D9D9;
					};
					849CB9BC23C85D680072D9D9 = {
						CreatedOnToolsVersion = 11.1;
						TestTargetID = 849CB99B23C85D650072D9D9;
					};
				};
			};
			buildConfigurationList = 849CB99723C85D650072D9D9 /* Build configuration list for PBXProject "pracswift" */;
			compatibilityVersion = "Xcode 9.3";
			developmentRegion = en;
			hasScannedForEncodings = 0;
			knownRegions = (
				en,
				Base,
			);
			mainGroup = 849CB99323C85D650072D9D9;
			productRefGroup = 849CB99D23C85D650072D9D9 /* Products */;
			projectDirPath = "";
			projectRoot = "";
			targets = (
				849CB99B23C85D650072D9D9 /* pracswift */,
				849CB9B123C85D680072D9D9 /* pracswiftTests */,
				849CB9BC23C85D680072D9D9 /* pracswiftUITests */,
			);
		};
/* End PBXProject section */

/* Begin PBXResourcesBuildPhase section */
		849CB99A23C85D650072D9D9 /* Resources */ = {
			isa = PBXResourcesBuildPhase;
			buildActionMask = 2147483647;
			files = (
				849CB9AC23C85D680072D9D9 /* LaunchScreen.storyboard in Resources */,
				849CB9A923C85D680072D9D9 /* Preview Assets.xcassets in Resources */,
				849CB9A623C85D680072D9D9 /* Assets.xcassets in Resources */,
			);
			runOnlyForDeploymentPostprocessing = 0;
		};
		849CB9B023C85D680072D9D9 /* Resources */ = {
			isa = PBXResourcesBuildPhase;
			buildActionMask = 2147483647;
			files = (
			);
			runOnlyForDeploymentPostprocessing = 0;
		};
		849CB9BB23C85D680072D9D9 /* Resources */ = {
			isa = PBXResourcesBuildPhase;
			buildActionMask = 2147483647;
			files = (
			);
			runOnlyForDeploymentPostprocessing = 0;
		};
/* End PBXResourcesBuildPhase section */

/* Begin PBXSourcesBuildPhase section */
		849CB99823C85D650072D9D9 /* Sources */ = {
			isa = PBXSourcesBuildPhase;
			buildActionMask = 2147483647;
			files = (
				849CB9A023C85D650072D9D9 /* AppDelegate.swift in Sources */,
				849CB9A223C85D650072D9D9 /* SceneDelegate.swift in Sources */,
				849CB9A423C85D650072D9D9 /* ContentView.swift in Sources */,
			);
			runOnlyForDeploymentPostprocessing = 0;
		};
		849CB9AE23C85D680072D9D9 /* Sources */ = {
			isa = PBXSourcesBuildPhase;
			buildActionMask = 2147483647;
			files = (
				849CB9B723C85D680072D9D9 /* pracswiftTests.swift in Sources */,
			);
			runOnlyForDeploymentPostprocessing = 0;
		};
		849CB9B923C85D680072D9D9 /* Sources */ = {
			isa = PBXSourcesBuildPhase;
			buildActionMask = 2147483647;
			files = (
				849CB9C223C85D680072D9D9 /* pracswiftUITests.swift in Sources */,
			);
			runOnlyForDeploymentPostprocessing = 0;
		};
/* End PBXSourcesBuildPhase section */

/* Begin PBXTargetDependency section */
		849CB9B423C85D680072D9D9 /* PBXTargetDependency */ = {
			isa = PBXTargetDependency;
			target = 849CB99B23C85D650072D9D9 /* pracswift */;
			targetProxy = 849CB9B323C85D680072D9D9 /* PBXContainerItemProxy */;
		};
		849CB9BF23C85D680072D9D9 /* PBXTargetDependency */ = {
			isa = PBXTargetDependency;
			target = 849CB99B23C85D650072D9D9 /* pracswift */;
			targetProxy = 849CB9BE23C85D680072D9D9 /* PBXContainerItemProxy */;
		};
/* End PBXTargetDependency section */

/* Begin PBXVariantGroup section */
		849CB9AA23C85D680072D9D9 /* LaunchScreen.storyboard */ = {
			isa = PBXVariantGroup;
			children = (
				849CB9AB23C85D680072D9D9 /* Base */,
			);
			name = LaunchScreen.storyboard;
			sourceTree = "<group>";
		};
/* End PBXVariantGroup section */

/* Begin XCBuildConfiguration section */
		849CB9C423C85D680072D9D9 /* Debug */ = {
			isa = XCBuildConfiguration;
			buildSettings = {
				ALWAYS_SEARCH_USER_PATHS = NO;
				CLANG_ANALYZER_NONNULL = YES;
				CLANG_ANALYZER_NUMBER_OBJECT_CONVERSION = YES_AGGRESSIVE;
				CLANG_CXX_LANGUAGE_STANDARD = "gnu++14";
				CLANG_CXX_LIBRARY = "libc++";
				CLANG_ENABLE_MODULES = YES;
				CLANG_ENABLE_OBJC_ARC = YES;
				CLANG_ENABLE_OBJC_WEAK = YES;
				CLANG_WARN_BLOCK_CAPTURE_AUTORELEASING = YES;
				CLANG_WARN_BOOL_CONVERSION = YES;
				CLANG_WARN_COMMA = YES;
				CLANG_WARN_CONSTANT_CONVERSION = YES;
				CLANG_WARN_DEPRECATED_OBJC_IMPLEMENTATIONS = YES;
				CLANG_WARN_DIRECT_OBJC_ISA_USAGE = YES_ERROR;
				CLANG_WARN_DOCUMENTATION_COMMENTS = YES;
				CLANG_WARN_EMPTY_BODY = YES;
				CLANG_WARN_ENUM_CONVERSION = YES;
				CLANG_WARN_INFINITE_RECURSION = YES;
				CLANG_WARN_INT_CONVERSION = YES;
				CLANG_WARN_NON_LITERAL_NULL_CONVERSION = YES;
				CLANG_WARN_OBJC_IMPLICIT_RETAIN_SELF = YES;
				CLANG_WARN_OBJC_LITERAL_CONVERSION = YES;
				CLANG_WARN_OBJC_ROOT_CLASS = YES_ERROR;
				CLANG_WARN_RANGE_LOOP_ANALYSIS = YES;
				CLANG_WARN_STRICT_PROTOTYPES = YES;
				CLANG_WARN_SUSPICIOUS_MOVE = YES;
				CLANG_WARN_UNGUARDED_AVAILABILITY = YES_AGGRESSIVE;
				CLANG_WARN_UNREACHABLE_CODE = YES;
				CLANG_WARN__DUPLICATE_METHOD_MATCH = YES;
				COPY_PHASE_STRIP = NO;
				DEBUG_INFORMATION_FORMAT = dwarf;
				ENABLE_STRICT_OBJC_MSGSEND = YES;
				ENABLE_TESTABILITY = YES;
				GCC_C_LANGUAGE_STANDARD = gnu11;
				GCC_DYNAMIC_NO_PIC = NO;
				GCC_NO_COMMON_BLOCKS = YES;
				GCC_OPTIMIZATION_LEVEL = 0;
				GCC_PREPROCESSOR_DEFINITIONS = (
					"DEBUG=1",
					"$(inherited)",
				);
				GCC_WARN_64_TO_32_BIT_CONVERSION = YES;
				GCC_WARN_ABOUT_RETURN_TYPE = YES_ERROR;
				GCC_WARN_UNDECLARED_SELECTOR = YES;
				GCC_WARN_UNINITIALIZED_AUTOS = YES_AGGRESSIVE;
				GCC_WARN_UNUSED_FUNCTION = YES;
				GCC_WARN_UNUSED_VARIABLE = YES;
				IPHONEOS_DEPLOYMENT_TARGET = 13.1;
				MTL_ENABLE_DEBUG_INFO = INCLUDE_SOURCE;
				MTL_FAST_MATH = YES;
				ONLY_ACTIVE_ARCH = YES;
				SDKROOT = iphoneos;
				SWIFT_ACTIVE_COMPILATION_CONDITIONS = DEBUG;
				SWIFT_OPTIMIZATION_LEVEL = "-Onone";
			};
			name = Debug;
		};
		849CB9C523C85D680072D9D9 /* Release */ = {
			isa = XCBuildConfiguration;
			buildSettings = {
				ALWAYS_SEARCH_USER_PATHS = NO;
				CLANG_ANALYZER_NONNULL = YES;
				CLANG_ANALYZER_NUMBER_OBJECT_CONVERSION = YES_AGGRESSIVE;
				CLANG_CXX_LANGUAGE_STANDARD = "gnu++14";
				CLANG_CXX_LIBRARY = "libc++";
				CLANG_ENABLE_MODULES = YES;
				CLANG_ENABLE_OBJC_ARC = YES;
				CLANG_ENABLE_OBJC_WEAK = YES;
				CLANG_WARN_BLOCK_CAPTURE_AUTORELEASING = YES;
				CLANG_WARN_BOOL_CONVERSION = YES;
				CLANG_WARN_COMMA = YES;
				CLANG_WARN_CONSTANT_CONVERSION = YES;
				CLANG_WARN_DEPRECATED_OBJC_IMPLEMENTATIONS = YES;
				CLANG_WARN_DIRECT_OBJC_ISA_USAGE = YES_ERROR;
				CLANG_WARN_DOCUMENTATION_COMMENTS = YES;
				CLANG_WARN_EMPTY_BODY = YES;
				CLANG_WARN_ENUM_CONVERSION = YES;
				CLANG_WARN_INFINITE_RECURSION = YES;
				CLANG_WARN_INT_CONVERSION = YES;
				CLANG_WARN_NON_LITERAL_NULL_CONVERSION = YES;
				CLANG_WARN_OBJC_IMPLICIT_RETAIN_SELF = YES;
				CLANG_WARN_OBJC_LITERAL_CONVERSION = YES;
				CLANG_WARN_OBJC_ROOT_CLASS = YES_ERROR;
				CLANG_WARN_RANGE_LOOP_ANALYSIS = YES;
				CLANG_WARN_STRICT_PROTOTYPES = YES;
				CLANG_WARN_SUSPICIOUS_MOVE = YES;
				CLANG_WARN_UNGUARDED_AVAILABILITY = YES_AGGRESSIVE;
				CLANG_WARN_UNREACHABLE_CODE = YES;
				CLANG_WARN__DUPLICATE_METHOD_MATCH = YES;
				COPY_PHASE_STRIP = NO;
				DEBUG_INFORMATION_FORMAT = "dwarf-with-dsym";
				ENABLE_NS_ASSERTIONS = NO;
				ENABLE_STRICT_OBJC_MSGSEND = YES;
				GCC_C_LANGUAGE_STANDARD = gnu11;
				GCC_NO_COMMON_BLOCKS = YES;
				GCC_WARN_64_TO_32_BIT_CONVERSION = YES;
				GCC_WARN_ABOUT_RETURN_TYPE = YES_ERROR;
				GCC_WARN_UNDECLARED_SELECTOR = YES;
				GCC_WARN_UNINITIALIZED_AUTOS = YES_AGGRESSIVE;
				GCC_WARN_UNUSED_FUNCTION = YES;
				GCC_WARN_UNUSED_VARIABLE = YES;
				IPHONEOS_DEPLOYMENT_TARGET = 13.1;
				MTL_ENABLE_DEBUG_INFO = NO;
				MTL_FAST_MATH = YES;
				SDKROOT = iphoneos;
				SWIFT_COMPILATION_MODE = wholemodule;
				SWIFT_OPTIMIZATION_LEVEL = "-O";
				VALIDATE_PRODUCT = YES;
			};
			name = Release;
		};
		849CB9C723C85D680072D9D9 /* Debug */ = {
			isa = XCBuildConfiguration;
			buildSettings = {
				ASSETCATALOG_COMPILER_APPICON_NAME = AppIcon;
				CODE_SIGN_STYLE = Automatic;
				DEVELOPMENT_ASSET_PATHS = "\"pracswift/Preview Content\"";
				ENABLE_PREVIEWS = YES;
				INFOPLIST_FILE = pracswift/Info.plist;
				LD_RUNPATH_SEARCH_PATHS = (
					"$(inherited)",
					"@executable_path/Frameworks",
				);
				PRODUCT_BUNDLE_IDENTIFIER = jum.pracswift;
				PRODUCT_NAME = "$(TARGET_NAME)";
				SWIFT_VERSION = 5.0;
				TARGETED_DEVICE_FAMILY = "1,2";
			};
			name = Debug;
		};
		849CB9C823C85D680072D9D9 /* Release */ = {
			isa = XCBuildConfiguration;
			buildSettings = {
				ASSETCATALOG_COMPILER_APPICON_NAME = AppIcon;
				CODE_SIGN_STYLE = Automatic;
				DEVELOPMENT_ASSET_PATHS = "\"pracswift/Preview Content\"";
				ENABLE_PREVIEWS = YES;
				INFOPLIST_FILE = pracswift/Info.plist;
				LD_RUNPATH_SEARCH_PATHS = (
					"$(inherited)",
					"@executable_path/Frameworks",
				);
				PRODUCT_BUNDLE_IDENTIFIER = jum.pracswift;
				PRODUCT_NAME = "$(TARGET_NAME)";
				SWIFT_VERSION = 5.0;
				TARGETED_DEVICE_FAMILY = "1,2";
			};
			name = Release;
		};
		849CB9CA23C85D680072D9D9 /* Debug */ = {
			isa = XCBuildConfiguration;
			buildSettings = {
				ALWAYS_EMBED_SWIFT_STANDARD_LIBRARIES = YES;
				BUNDLE_LOADER = "$(TEST_HOST)";
				CODE_SIGN_STYLE = Automatic;
				INFOPLIST_FILE = pracswiftTests/Info.plist;
				IPHONEOS_DEPLOYMENT_TARGET = 13.1;
				LD_RUNPATH_SEARCH_PATHS = (
					"$(inherited)",
					"@executable_path/Frameworks",
					"@loader_path/Frameworks",
				);
				PRODUCT_BUNDLE_IDENTIFIER = jum.pracswiftTests;
				PRODUCT_NAME = "$(TARGET_NAME)";
				SWIFT_VERSION = 5.0;
				TARGETED_DEVICE_FAMILY = "1,2";
				TEST_HOST = "$(BUILT_PRODUCTS_DIR)/pracswift.app/pracswift";
			};
			name = Debug;
		};
		849CB9CB23C85D680072D9D9 /* Release */ = {
			isa = XCBuildConfiguration;
			buildSettings = {
				ALWAYS_EMBED_SWIFT_STANDARD_LIBRARIES = YES;
				BUNDLE_LOADER = "$(TEST_HOST)";
				CODE_SIGN_STYLE = Automatic;
				INFOPLIST_FILE = pracswiftTests/Info.plist;
				IPHONEOS_DEPLOYMENT_TARGET = 13.1;
				LD_RUNPATH_SEARCH_PATHS = (
					"$(inherited)",
					"@executable_path/Frameworks",
					"@loader_path/Frameworks",
				);
				PRODUCT_BUNDLE_IDENTIFIER = jum.pracswiftTests;
				PRODUCT_NAME = "$(TARGET_NAME)";
				SWIFT_VERSION = 5.0;
				TARGETED_DEVICE_FAMILY = "1,2";
				TEST_HOST = "$(BUILT_PRODUCTS_DIR)/pracswift.app/pracswift";
			};
			name = Release;
		};
		849CB9CD23C85D680072D9D9 /* Debug */ = {
			isa = XCBuildConfiguration;
			buildSettings = {
				ALWAYS_EMBED_SWIFT_STANDARD_LIBRARIES = YES;
				CODE_SIGN_STYLE = Automatic;
				INFOPLIST_FILE = pracswiftUITests/Info.plist;
				LD_RUNPATH_SEARCH_PATHS = (
					"$(inherited)",
					"@executable_path/Frameworks",
					"@loader_path/Frameworks",
				);
				PRODUCT_BUNDLE_IDENTIFIER = jum.pracswiftUITests;
				PRODUCT_NAME = "$(TARGET_NAME)";
				SWIFT_VERSION = 5.0;
				TARGETED_DEVICE_FAMILY = "1,2";
				TEST_TARGET_NAME = pracswift;
			};
			name = Debug;
		};
		849CB9CE23C85D680072D9D9 /* Release */ = {
			isa = XCBuildConfiguration;
			buildSettings = {
				ALWAYS_EMBED_SWIFT_STANDARD_LIBRARIES = YES;
				CODE_SIGN_STYLE = Automatic;
				INFOPLIST_FILE = pracswiftUITests/Info.plist;
				LD_RUNPATH_SEARCH_PATHS = (
					"$(inherited)",
					"@executable_path/Frameworks",
					"@loader_path/Frameworks",
				);
				PRODUCT_BUNDLE_IDENTIFIER = jum.pracswiftUITests;
				PRODUCT_NAME = "$(TARGET_NAME)";
				SWIFT_VERSION = 5.0;
				TARGETED_DEVICE_FAMILY = "1,2";
				TEST_TARGET_NAME = pracswift;
			};
			name = Release;
		};
/* End XCBuildConfiguration section */

/* Begin XCConfigurationList section */
		849CB99723C85D650072D9D9 /* Build configuration list for PBXProject "pracswift" */ = {
			isa = XCConfigurationList;
			buildConfigurations = (
				849CB9C423C85D680072D9D9 /* Debug */,
				849CB9C523C85D680072D9D9 /* Release */,
			);
			defaultConfigurationIsVisible = 0;
			defaultConfigurationName = Release;
		};
		849CB9C623C85D680072D9D9 /* Build configuration list for PBXNativeTarget "pracswift" */ = {
			isa = XCConfigurationList;
			buildConfigurations = (
				849CB9C723C85D680072D9D9 /* Debug */,
				849CB9C823C85D680072D9D9 /* Release */,
			);
			defaultConfigurationIsVisible = 0;
			defaultConfigurationName = Release;
		};
		849CB9C923C85D680072D9D9 /* Build configuration list for PBXNativeTarget "pracswiftTests" */ = {
			isa = XCConfigurationList;
			buildConfigurations = (
				849CB9CA23C85D680072D9D9 /* Debug */,
				849CB9CB23C85D680072D9D9 /* Release */,
			);
			defaultConfigurationIsVisible = 0;
			defaultConfigurationName = Release;
		};
		849CB9CC23C85D680072D9D9 /* Build configuration list for PBXNativeTarget "pracswiftUITests" */ = {
			isa = XCConfigurationList;
			buildConfigurations = (
				849CB9CD23C85D680072D9D9 /* Debug */,
				849CB9CE23C85D680072D9D9 /* Release */,
			);
			defaultConfigurationIsVisible = 0;
			defaultConfigurationName = Release;
		};
/* End XCConfigurationList section */
	};
	rootObject = 849CB99423C85D650072D9D9 /* Project object */;
}
